
Microsoft Visual Studio Solution File, Format Version 12.00
# Visual Studio Version 17
VisualStudioVersion = 17.0.31903.59
MinimumVisualStudioVersion = 10.0.40219.1
Project("{FAE04EC0-301F-11D3-BF4B-00C04F79EFBC}") = "Lib", "src\Lib\Lib.csproj", "{44026C4A-055E-421A-9763-F769130A7562}"
EndProject
Project("{2150E333-8FDC-42A3-9474-1A3956D46DE8}") = "Tools", "Tools", "{33DE40FB-A917-4A86-AA79-5BAB5CC8E66A}"
EndProject
Project("{FAE04EC0-301F-11D3-BF4B-00C04F79EFBC}") = "CsvImporter", "src\Tools\CsvImporter\CsvImporter.csproj", "{B5F8BD80-AEDB-4F1B-AEA9-E53E0DF95310}"
EndProject
Project("{FAE04EC0-301F-11D3-BF4B-00C04F79EFBC}") = "AuthUpdateApp", "src\AuthUpdateApp\AuthUpdateApp.csproj", "{98FC2A62-7E39-4DCF-868C-974F9155475A}"
EndProject
Project("{FAE04EC0-301F-11D3-BF4B-00C04F79EFBC}") = "Hosting", "src\Hosting\Hosting.csproj", "{F96FD9F1-4FBB-4235-AE62-D7055DECC6AD}"
EndProject
Project("{FAE04EC0-301F-11D3-BF4B-00C04F79EFBC}") = "Lib.Azure", "src\Lib.Azure\Lib.Azure.csproj", "{AD068759-4FE6-44D0-BB5A-068131066D6F}"
EndProject
Project("{2150E333-8FDC-42A3-9474-1A3956D46DE8}") = "Libraries", "Libraries", "{FC60D7C4-F0D8-4E64-BB51-416F222F5D1B}"
EndProject
Project("{FAE04EC0-301F-11D3-BF4B-00C04F79EFBC}") = "CsvImporter.Database", "src\Tools\CsvImporter.Database\CsvImporter.Database.csproj", "{5EE841B5-3982-4FE9-8737-E287092DBD9C}"
EndProject
Global
	GlobalSection(SolutionConfigurationPlatforms) = preSolution
		Debug|Any CPU = Debug|Any CPU
		Release|Any CPU = Release|Any CPU
	EndGlobalSection
	GlobalSection(SolutionProperties) = preSolution
		HideSolutionNode = FALSE
	EndGlobalSection
	GlobalSection(ProjectConfigurationPlatforms) = postSolution
		{44026C4A-055E-421A-9763-F769130A7562}.Debug|Any CPU.ActiveCfg = Debug|Any CPU
		{44026C4A-055E-421A-9763-F769130A7562}.Debug|Any CPU.Build.0 = Debug|Any CPU
		{44026C4A-055E-421A-9763-F769130A7562}.Release|Any CPU.ActiveCfg = Release|Any CPU
		{44026C4A-055E-421A-9763-F769130A7562}.Release|Any CPU.Build.0 = Release|Any CPU
		{B5F8BD80-AEDB-4F1B-AEA9-E53E0DF95310}.Debug|Any CPU.ActiveCfg = Debug|Any CPU
		{B5F8BD80-AEDB-4F1B-AEA9-E53E0DF95310}.Debug|Any CPU.Build.0 = Debug|Any CPU
		{B5F8BD80-AEDB-4F1B-AEA9-E53E0DF95310}.Release|Any CPU.ActiveCfg = Release|Any CPU
		{B5F8BD80-AEDB-4F1B-AEA9-E53E0DF95310}.Release|Any CPU.Build.0 = Release|Any CPU
		{98FC2A62-7E39-4DCF-868C-974F9155475A}.Debug|Any CPU.ActiveCfg = Debug|Any CPU
		{98FC2A62-7E39-4DCF-868C-974F9155475A}.Debug|Any CPU.Build.0 = Debug|Any CPU
		{98FC2A62-7E39-4DCF-868C-974F9155475A}.Release|Any CPU.ActiveCfg = Release|Any CPU
		{98FC2A62-7E39-4DCF-868C-974F9155475A}.Release|Any CPU.Build.0 = Release|Any CPU
		{F96FD9F1-4FBB-4235-AE62-D7055DECC6AD}.Debug|Any CPU.ActiveCfg = Debug|Any CPU
		{F96FD9F1-4FBB-4235-AE62-D7055DECC6AD}.Debug|Any CPU.Build.0 = Debug|Any CPU
		{F96FD9F1-4FBB-4235-AE62-D7055DECC6AD}.Release|Any CPU.ActiveCfg = Release|Any CPU
		{F96FD9F1-4FBB-4235-AE62-D7055DECC6AD}.Release|Any CPU.Build.0 = Release|Any CPU
		{AD068759-4FE6-44D0-BB5A-068131066D6F}.Debug|Any CPU.ActiveCfg = Debug|Any CPU
		{AD068759-4FE6-44D0-BB5A-068131066D6F}.Debug|Any CPU.Build.0 = Debug|Any CPU
		{AD068759-4FE6-44D0-BB5A-068131066D6F}.Release|Any CPU.ActiveCfg = Release|Any CPU
		{AD068759-4FE6-44D0-BB5A-068131066D6F}.Release|Any CPU.Build.0 = Release|Any CPU
		{5EE841B5-3982-4FE9-8737-E287092DBD9C}.Debug|Any CPU.ActiveCfg = Debug|Any CPU
		{5EE841B5-3982-4FE9-8737-E287092DBD9C}.Debug|Any CPU.Build.0 = Debug|Any CPU
		{5EE841B5-3982-4FE9-8737-E287092DBD9C}.Release|Any CPU.ActiveCfg = Release|Any CPU
		{5EE841B5-3982-4FE9-8737-E287092DBD9C}.Release|Any CPU.Build.0 = Release|Any CPU
	EndGlobalSection
	GlobalSection(NestedProjects) = preSolution
		{F96FD9F1-4FBB-4235-AE62-D7055DECC6AD} = {FC60D7C4-F0D8-4E64-BB51-416F222F5D1B}
		{44026C4A-055E-421A-9763-F769130A7562} = {FC60D7C4-F0D8-4E64-BB51-416F222F5D1B}
		{B5F8BD80-AEDB-4F1B-AEA9-E53E0DF95310} = {33DE40FB-A917-4A86-AA79-5BAB5CC8E66A}
		{AD068759-4FE6-44D0-BB5A-068131066D6F} = {FC60D7C4-F0D8-4E64-BB51-416F222F5D1B}
		{5EE841B5-3982-4FE9-8737-E287092DBD9C} = {33DE40FB-A917-4A86-AA79-5BAB5CC8E66A}
	EndGlobalSection
EndGlobal
